// !$*UTF8*$!
{
	archiveVersion = 1;
	classes = {
	};
	objectVersion = 77;
	objects = {

/* Begin PBXContainerItemProxy section */
		243893972CB7A271009750A2 /* PBXContainerItemProxy */ = {
			isa = PBXContainerItemProxy;
			containerPortal = 2438937E2CB7A26F009750A2 /* Project object */;
			proxyType = 1;
			remoteGlobalIDString = 243893852CB7A26F009750A2;
			remoteInfo = "FitnessApp-Neo";
		};
		243893A12CB7A271009750A2 /* PBXContainerItemProxy */ = {
			isa = PBXContainerItemProxy;
			containerPortal = 2438937E2CB7A26F009750A2 /* Project object */;
			proxyType = 1;
			remoteGlobalIDString = 243893852CB7A26F009750A2;
			remoteInfo = "FitnessApp-Neo";
		};
/* End PBXContainerItemProxy section */

/* Begin PBXFileReference section */
		243893862CB7A26F009750A2 /* FitnessApp-Neo.app */ = {isa = PBXFileReference; explicitFileType = wrapper.application; includeInIndex = 0; path = "FitnessApp-Neo.app"; sourceTree = BUILT_PRODUCTS_DIR; };
		243893962CB7A271009750A2 /* FitnessApp-NeoTests.xctest */ = {isa = PBXFileReference; explicitFileType = wrapper.cfbundle; includeInIndex = 0; path = "FitnessApp-NeoTests.xctest"; sourceTree = BUILT_PRODUCTS_DIR; };
		243893A02CB7A271009750A2 /* FitnessApp-NeoUITests.xctest */ = {isa = PBXFileReference; explicitFileType = wrapper.cfbundle; includeInIndex = 0; path = "FitnessApp-NeoUITests.xctest"; sourceTree = BUILT_PRODUCTS_DIR; };
/* End PBXFileReference section */

/* Begin PBXFileSystemSynchronizedRootGroup section */
		243893882CB7A26F009750A2 /* FitnessApp-Neo */ = {
			isa = PBXFileSystemSynchronizedRootGroup;
			path = "FitnessApp-Neo";
			sourceTree = "<group>";
		};
		243893992CB7A271009750A2 /* FitnessApp-NeoTests */ = {
			isa = PBXFileSystemSynchronizedRootGroup;
			path = "FitnessApp-NeoTests";
			sourceTree = "<group>";
		};
		243893A32CB7A271009750A2 /* FitnessApp-NeoUITests */ = {
			isa = PBXFileSystemSynchronizedRootGroup;
			path = "FitnessApp-NeoUITests";
			sourceTree = "<group>";
		};
/* End PBXFileSystemSynchronizedRootGroup section */

/* Begin PBXFrameworksBuildPhase section */
		243893832CB7A26F009750A2 /* Frameworks */ = {
			isa = PBXFrameworksBuildPhase;
			buildActionMask = 2147483647;
			files = (
			);
			runOnlyForDeploymentPostprocessing = 0;
		};
		243893932CB7A271009750A2 /* Frameworks */ = {
			isa = PBXFrameworksBuildPhase;
			buildActionMask = 2147483647;
			files = (
			);
			runOnlyForDeploymentPostprocessing = 0;
		};
		2438939D2CB7A271009750A2 /* Frameworks */ = {
			isa = PBXFrameworksBuildPhase;
			buildActionMask = 2147483647;
			files = (
			);
			runOnlyForDeploymentPostprocessing = 0;
		};
/* End PBXFrameworksBuildPhase section */

/* Begin PBXGroup section */
		2438937D2CB7A26F009750A2 = {
			isa = PBXGroup;
			children = (
				243893882CB7A26F009750A2 /* FitnessApp-Neo */,
				243893992CB7A271009750A2 /* FitnessApp-NeoTests */,
				243893A32CB7A271009750A2 /* FitnessApp-NeoUITests */,
				243893872CB7A26F009750A2 /* Products */,
			);
			sourceTree = "<group>";
		};
		243893872CB7A26F009750A2 /* Products */ = {
			isa = PBXGroup;
			children = (
				243893862CB7A26F009750A2 /* FitnessApp-Neo.app */,
				243893962CB7A271009750A2 /* FitnessApp-NeoTests.xctest */,
				243893A02CB7A271009750A2 /* FitnessApp-NeoUITests.xctest */,
			);
			name = Products;
			sourceTree = "<group>";
		};
/* End PBXGroup section */

/* Begin PBXNativeTarget section */
		243893852CB7A26F009750A2 /* FitnessApp-Neo */ = {
			isa = PBXNativeTarget;
			buildConfigurationList = 243893AA2CB7A271009750A2 /* Build configuration list for PBXNativeTarget "FitnessApp-Neo" */;
			buildPhases = (
				243893822CB7A26F009750A2 /* Sources */,
				243893832CB7A26F009750A2 /* Frameworks */,
				243893842CB7A26F009750A2 /* Resources */,
			);
			buildRules = (
			);
			dependencies = (
			);
			fileSystemSynchronizedGroups = (
				243893882CB7A26F009750A2 /* FitnessApp-Neo */,
			);
			name = "FitnessApp-Neo";
			packageProductDependencies = (
			);
			productName = "FitnessApp-Neo";
			productReference = 243893862CB7A26F009750A2 /* FitnessApp-Neo.app */;
			productType = "com.apple.product-type.application";
		};
		243893952CB7A271009750A2 /* FitnessApp-NeoTests */ = {
			isa = PBXNativeTarget;
			buildConfigurationList = 243893AD2CB7A271009750A2 /* Build configuration list for PBXNativeTarget "FitnessApp-NeoTests" */;
			buildPhases = (
				243893922CB7A271009750A2 /* Sources */,
				243893932CB7A271009750A2 /* Frameworks */,
				243893942CB7A271009750A2 /* Resources */,
			);
			buildRules = (
			);
			dependencies = (
				243893982CB7A271009750A2 /* PBXTargetDependency */,
			);
			fileSystemSynchronizedGroups = (
				243893992CB7A271009750A2 /* FitnessApp-NeoTests */,
			);
			name = "FitnessApp-NeoTests";
			packageProductDependencies = (
			);
			productName = "FitnessApp-NeoTests";
			productReference = 243893962CB7A271009750A2 /* FitnessApp-NeoTests.xctest */;
			productType = "com.apple.product-type.bundle.unit-test";
		};
		2438939F2CB7A271009750A2 /* FitnessApp-NeoUITests */ = {
			isa = PBXNativeTarget;
			buildConfigurationList = 243893B02CB7A271009750A2 /* Build configuration list for PBXNativeTarget "FitnessApp-NeoUITests" */;
			buildPhases = (
				2438939C2CB7A271009750A2 /* Sources */,
				2438939D2CB7A271009750A2 /* Frameworks */,
				2438939E2CB7A271009750A2 /* Resources */,
			);
			buildRules = (
			);
			dependencies = (
				243893A22CB7A271009750A2 /* PBXTargetDependency */,
			);
			fileSystemSynchronizedGroups = (
				243893A32CB7A271009750A2 /* FitnessApp-NeoUITests */,
			);
			name = "FitnessApp-NeoUITests";
			packageProductDependencies = (
			);
			productName = "FitnessApp-NeoUITests";
			productReference = 243893A02CB7A271009750A2 /* FitnessApp-NeoUITests.xctest */;
			productType = "com.apple.product-type.bundle.ui-testing";
		};
/* End PBXNativeTarget section */

/* Begin PBXProject section */
		2438937E2CB7A26F009750A2 /* Project object */ = {
			isa = PBXProject;
			attributes = {
				BuildIndependentTargetsInParallel = 1;
				LastSwiftUpdateCheck = 1600;
				LastUpgradeCheck = 1600;
				TargetAttributes = {
					243893852CB7A26F009750A2 = {
						CreatedOnToolsVersion = 16.0;
					};
					243893952CB7A271009750A2 = {
						CreatedOnToolsVersion = 16.0;
						TestTargetID = 243893852CB7A26F009750A2;
					};
					2438939F2CB7A271009750A2 = {
						CreatedOnToolsVersion = 16.0;
						TestTargetID = 243893852CB7A26F009750A2;
					};
				};
			};
			buildConfigurationList = 243893812CB7A26F009750A2 /* Build configuration list for PBXProject "FitnessApp-Neo" */;
			developmentRegion = en;
			hasScannedForEncodings = 0;
			knownRegions = (
				en,
				Base,
			);
			mainGroup = 2438937D2CB7A26F009750A2;
			minimizedProjectReferenceProxies = 1;
			preferredProjectObjectVersion = 77;
			productRefGroup = 243893872CB7A26F009750A2 /* Products */;
			projectDirPath = "";
			projectRoot = "";
			targets = (
				243893852CB7A26F009750A2 /* FitnessApp-Neo */,
				243893952CB7A271009750A2 /* FitnessApp-NeoTests */,
				2438939F2CB7A271009750A2 /* FitnessApp-NeoUITests */,
			);
		};
/* End PBXProject section */

/* Begin PBXResourcesBuildPhase section */
		243893842CB7A26F009750A2 /* Resources */ = {
			isa = PBXResourcesBuildPhase;
			buildActionMask = 2147483647;
			files = (
			);
			runOnlyForDeploymentPostprocessing = 0;
		};
		243893942CB7A271009750A2 /* Resources */ = {
			isa = PBXResourcesBuildPhase;
			buildActionMask = 2147483647;
			files = (
			);
			runOnlyForDeploymentPostprocessing = 0;
		};
		2438939E2CB7A271009750A2 /* Resources */ = {
			isa = PBXResourcesBuildPhase;
			buildActionMask = 2147483647;
			files = (
			);
			runOnlyForDeploymentPostprocessing = 0;
		};
/* End PBXResourcesBuildPhase section */

/* Begin PBXSourcesBuildPhase section */
		243893822CB7A26F009750A2 /* Sources */ = {
			isa = PBXSourcesBuildPhase;
			buildActionMask = 2147483647;
			files = (
			);
			runOnlyForDeploymentPostprocessing = 0;
		};
		243893922CB7A271009750A2 /* Sources */ = {
			isa = PBXSourcesBuildPhase;
			buildActionMask = 2147483647;
			files = (
			);
			runOnlyForDeploymentPostprocessing = 0;
		};
		2438939C2CB7A271009750A2 /* Sources */ = {
			isa = PBXSourcesBuildPhase;
			buildActionMask = 2147483647;
			files = (
			);
			runOnlyForDeploymentPostprocessing = 0;
		};
/* End PBXSourcesBuildPhase section */

/* Begin PBXTargetDependency section */
		243893982CB7A271009750A2 /* PBXTargetDependency */ = {
			isa = PBXTargetDependency;
			target = 243893852CB7A26F009750A2 /* FitnessApp-Neo */;
			targetProxy = 243893972CB7A271009750A2 /* PBXContainerItemProxy */;
		};
		243893A22CB7A271009750A2 /* PBXTargetDependency */ = {
			isa = PBXTargetDependency;
			target = 243893852CB7A26F009750A2 /* FitnessApp-Neo */;
			targetProxy = 243893A12CB7A271009750A2 /* PBXContainerItemProxy */;
		};
/* End PBXTargetDependency section */

/* Begin XCBuildConfiguration section */
		243893A82CB7A271009750A2 /* Debug */ = {
			isa = XCBuildConfiguration;
			buildSettings = {
				ALWAYS_SEARCH_USER_PATHS = NO;
				ASSETCATALOG_COMPILER_GENERATE_SWIFT_ASSET_SYMBOL_EXTENSIONS = YES;
				CLANG_ANALYZER_NONNULL = YES;
				CLANG_ANALYZER_NUMBER_OBJECT_CONVERSION = YES_AGGRESSIVE;
				CLANG_CXX_LANGUAGE_STANDARD = "gnu++20";
				CLANG_ENABLE_MODULES = YES;
				CLANG_ENABLE_OBJC_ARC = YES;
				CLANG_ENABLE_OBJC_WEAK = YES;
				CLANG_WARN_BLOCK_CAPTURE_AUTORELEASING = YES;
				CLANG_WARN_BOOL_CONVERSION = YES;
				CLANG_WARN_COMMA = YES;
				CLANG_WARN_CONSTANT_CONVERSION = YES;
				CLANG_WARN_DEPRECATED_OBJC_IMPLEMENTATIONS = YES;
				CLANG_WARN_DIRECT_OBJC_ISA_USAGE = YES_ERROR;
				CLANG_WARN_DOCUMENTATION_COMMENTS = YES;
				CLANG_WARN_EMPTY_BODY = YES;
				CLANG_WARN_ENUM_CONVERSION = YES;
				CLANG_WARN_INFINITE_RECURSION = YES;
				CLANG_WARN_INT_CONVERSION = YES;
				CLANG_WARN_NON_LITERAL_NULL_CONVERSION = YES;
				CLANG_WARN_OBJC_IMPLICIT_RETAIN_SELF = YES;
				CLANG_WARN_OBJC_LITERAL_CONVERSION = YES;
				CLANG_WARN_OBJC_ROOT_CLASS = YES_ERROR;
				CLANG_WARN_QUOTED_INCLUDE_IN_FRAMEWORK_HEADER = YES;
				CLANG_WARN_RANGE_LOOP_ANALYSIS = YES;
				CLANG_WARN_STRICT_PROTOTYPES = YES;
				CLANG_WARN_SUSPICIOUS_MOVE = YES;
				CLANG_WARN_UNGUARDED_AVAILABILITY = YES_AGGRESSIVE;
				CLANG_WARN_UNREACHABLE_CODE = YES;
				CLANG_WARN__DUPLICATE_METHOD_MATCH = YES;
				COPY_PHASE_STRIP = NO;
				DEBUG_INFORMATION_FORMAT = dwarf;
				ENABLE_STRICT_OBJC_MSGSEND = YES;
				ENABLE_TESTABILITY = YES;
				ENABLE_USER_SCRIPT_SANDBOXING = YES;
				GCC_C_LANGUAGE_STANDARD = gnu17;
				GCC_DYNAMIC_NO_PIC = NO;
				GCC_NO_COMMON_BLOCKS = YES;
				GCC_OPTIMIZATION_LEVEL = 0;
				GCC_PREPROCESSOR_DEFINITIONS = (
					"DEBUG=1",
					"$(inherited)",
				);
				GCC_WARN_64_TO_32_BIT_CONVERSION = YES;
				GCC_WARN_ABOUT_RETURN_TYPE = YES_ERROR;
				GCC_WARN_UNDECLARED_SELECTOR = YES;
				GCC_WARN_UNINITIALIZED_AUTOS = YES_AGGRESSIVE;
				GCC_WARN_UNUSED_FUNCTION = YES;
				GCC_WARN_UNUSED_VARIABLE = YES;
				IPHONEOS_DEPLOYMENT_TARGET = 18.0;
				LOCALIZATION_PREFERS_STRING_CATALOGS = YES;
				MTL_ENABLE_DEBUG_INFO = INCLUDE_SOURCE;
				MTL_FAST_MATH = YES;
				ONLY_ACTIVE_ARCH = YES;
				SDKROOT = iphoneos;
				SWIFT_ACTIVE_COMPILATION_CONDITIONS = "DEBUG $(inherited)";
				SWIFT_OPTIMIZATION_LEVEL = "-Onone";
			};
			name = Debug;
		};
		243893A92CB7A271009750A2 /* Release */ = {
			isa = XCBuildConfiguration;
			buildSettings = {
				ALWAYS_SEARCH_USER_PATHS = NO;
				ASSETCATALOG_COMPILER_GENERATE_SWIFT_ASSET_SYMBOL_EXTENSIONS = YES;
				CLANG_ANALYZER_NONNULL = YES;
				CLANG_ANALYZER_NUMBER_OBJECT_CONVERSION = YES_AGGRESSIVE;
				CLANG_CXX_LANGUAGE_STANDARD = "gnu++20";
				CLANG_ENABLE_MODULES = YES;
				CLANG_ENABLE_OBJC_ARC = YES;
				CLANG_ENABLE_OBJC_WEAK = YES;
				CLANG_WARN_BLOCK_CAPTURE_AUTORELEASING = YES;
				CLANG_WARN_BOOL_CONVERSION = YES;
				CLANG_WARN_COMMA = YES;
				CLANG_WARN_CONSTANT_CONVERSION = YES;
				CLANG_WARN_DEPRECATED_OBJC_IMPLEMENTATIONS = YES;
				CLANG_WARN_DIRECT_OBJC_ISA_USAGE = YES_ERROR;
				CLANG_WARN_DOCUMENTATION_COMMENTS = YES;
				CLANG_WARN_EMPTY_BODY = YES;
				CLANG_WARN_ENUM_CONVERSION = YES;
				CLANG_WARN_INFINITE_RECURSION = YES;
				CLANG_WARN_INT_CONVERSION = YES;
				CLANG_WARN_NON_LITERAL_NULL_CONVERSION = YES;
				CLANG_WARN_OBJC_IMPLICIT_RETAIN_SELF = YES;
				CLANG_WARN_OBJC_LITERAL_CONVERSION = YES;
				CLANG_WARN_OBJC_ROOT_CLASS = YES_ERROR;
				CLANG_WARN_QUOTED_INCLUDE_IN_FRAMEWORK_HEADER = YES;
				CLANG_WARN_RANGE_LOOP_ANALYSIS = YES;
				CLANG_WARN_STRICT_PROTOTYPES = YES;
				CLANG_WARN_SUSPICIOUS_MOVE = YES;
				CLANG_WARN_UNGUARDED_AVAILABILITY = YES_AGGRESSIVE;
				CLANG_WARN_UNREACHABLE_CODE = YES;
				CLANG_WARN__DUPLICATE_METHOD_MATCH = YES;
				COPY_PHASE_STRIP = NO;
				DEBUG_INFORMATION_FORMAT = "dwarf-with-dsym";
				ENABLE_NS_ASSERTIONS = NO;
				ENABLE_STRICT_OBJC_MSGSEND = YES;
				ENABLE_USER_SCRIPT_SANDBOXING = YES;
				GCC_C_LANGUAGE_STANDARD = gnu17;
				GCC_NO_COMMON_BLOCKS = YES;
				GCC_WARN_64_TO_32_BIT_CONVERSION = YES;
				GCC_WARN_ABOUT_RETURN_TYPE = YES_ERROR;
				GCC_WARN_UNDECLARED_SELECTOR = YES;
				GCC_WARN_UNINITIALIZED_AUTOS = YES_AGGRESSIVE;
				GCC_WARN_UNUSED_FUNCTION = YES;
				GCC_WARN_UNUSED_VARIABLE = YES;
				IPHONEOS_DEPLOYMENT_TARGET = 18.0;
				LOCALIZATION_PREFERS_STRING_CATALOGS = YES;
				MTL_ENABLE_DEBUG_INFO = NO;
				MTL_FAST_MATH = YES;
				SDKROOT = iphoneos;
				SWIFT_COMPILATION_MODE = wholemodule;
				VALIDATE_PRODUCT = YES;
			};
			name = Release;
		};
		243893AB2CB7A271009750A2 /* Debug */ = {
			isa = XCBuildConfiguration;
			buildSettings = {
				ASSETCATALOG_COMPILER_APPICON_NAME = AppIcon;
				ASSETCATALOG_COMPILER_GLOBAL_ACCENT_COLOR_NAME = AccentColor;
				CODE_SIGN_STYLE = Automatic;
				CURRENT_PROJECT_VERSION = 1;
				DEVELOPMENT_ASSET_PATHS = "\"FitnessApp-Neo/Preview Content\"";
				ENABLE_PREVIEWS = YES;
				GENERATE_INFOPLIST_FILE = YES;
				INFOPLIST_KEY_UIApplicationSceneManifest_Generation = YES;
				INFOPLIST_KEY_UIApplicationSupportsIndirectInputEvents = YES;
				INFOPLIST_KEY_UILaunchScreen_Generation = YES;
				INFOPLIST_KEY_UISupportedInterfaceOrientations_iPad = "UIInterfaceOrientationPortrait UIInterfaceOrientationPortraitUpsideDown UIInterfaceOrientationLandscapeLeft UIInterfaceOrientationLandscapeRight";
				INFOPLIST_KEY_UISupportedInterfaceOrientations_iPhone = "UIInterfaceOrientationPortrait UIInterfaceOrientationLandscapeLeft UIInterfaceOrientationLandscapeRight";
				LD_RUNPATH_SEARCH_PATHS = (
					"$(inherited)",
					"@executable_path/Frameworks",
				);
				MARKETING_VERSION = 1.0;
				PRODUCT_BUNDLE_IDENTIFIER = "io..FitnessApp-Neo";
				PRODUCT_NAME = "$(TARGET_NAME)";
				SWIFT_EMIT_LOC_STRINGS = YES;
				SWIFT_VERSION = 5.0;
				TARGETED_DEVICE_FAMILY = "1,2";
			};
			name = Debug;
		};
		243893AC2CB7A271009750A2 /* Release */ = {
			isa = XCBuildConfiguration;
			buildSettings = {
				ASSETCATALOG_COMPILER_APPICON_NAME = AppIcon;
				ASSETCATALOG_COMPILER_GLOBAL_ACCENT_COLOR_NAME = AccentColor;
				CODE_SIGN_STYLE = Automatic;
				CURRENT_PROJECT_VERSION = 1;
				DEVELOPMENT_ASSET_PATHS = "\"FitnessApp-Neo/Preview Content\"";
				ENABLE_PREVIEWS = YES;
				GENERATE_INFOPLIST_FILE = YES;
				INFOPLIST_KEY_UIApplicationSceneManifest_Generation = YES;
				INFOPLIST_KEY_UIApplicationSupportsIndirectInputEvents = YES;
				INFOPLIST_KEY_UILaunchScreen_Generation = YES;
				INFOPLIST_KEY_UISupportedInterfaceOrientations_iPad = "UIInterfaceOrientationPortrait UIInterfaceOrientationPortraitUpsideDown UIInterfaceOrientationLandscapeLeft UIInterfaceOrientationLandscapeRight";
				INFOPLIST_KEY_UISupportedInterfaceOrientations_iPhone = "UIInterfaceOrientationPortrait UIInterfaceOrientationLandscapeLeft UIInterfaceOrientationLandscapeRight";
				LD_RUNPATH_SEARCH_PATHS = (
					"$(inherited)",
					"@executable_path/Frameworks",
				);
				MARKETING_VERSION = 1.0;
				PRODUCT_BUNDLE_IDENTIFIER = "io..FitnessApp-Neo";
				PRODUCT_NAME = "$(TARGET_NAME)";
				SWIFT_EMIT_LOC_STRINGS = YES;
				SWIFT_VERSION = 5.0;
				TARGETED_DEVICE_FAMILY = "1,2";
			};
			name = Release;
		};
		243893AE2CB7A271009750A2 /* Debug */ = {
			isa = XCBuildConfiguration;
			buildSettings = {
				BUNDLE_LOADER = "$(TEST_HOST)";
				CODE_SIGN_STYLE = Automatic;
				CURRENT_PROJECT_VERSION = 1;
				GENERATE_INFOPLIST_FILE = YES;
				IPHONEOS_DEPLOYMENT_TARGET = 18.0;
				MARKETING_VERSION = 1.0;
				PRODUCT_BUNDLE_IDENTIFIER = "io..FitnessApp-NeoTests";
				PRODUCT_NAME = "$(TARGET_NAME)";
				SWIFT_EMIT_LOC_STRINGS = NO;
				SWIFT_VERSION = 5.0;
				TARGETED_DEVICE_FAMILY = "1,2";
				TEST_HOST = "$(BUILT_PRODUCTS_DIR)/FitnessApp-Neo.app/$(BUNDLE_EXECUTABLE_FOLDER_PATH)/FitnessApp-Neo";
			};
			name = Debug;
		};
		243893AF2CB7A271009750A2 /* Release */ = {
			isa = XCBuildConfiguration;
			buildSettings = {
				BUNDLE_LOADER = "$(TEST_HOST)";
				CODE_SIGN_STYLE = Automatic;
				CURRENT_PROJECT_VERSION = 1;
				GENERATE_INFOPLIST_FILE = YES;
				IPHONEOS_DEPLOYMENT_TARGET = 18.0;
				MARKETING_VERSION = 1.0;
				PRODUCT_BUNDLE_IDENTIFIER = "io..FitnessApp-NeoTests";
				PRODUCT_NAME = "$(TARGET_NAME)";
				SWIFT_EMIT_LOC_STRINGS = NO;
				SWIFT_VERSION = 5.0;
				TARGETED_DEVICE_FAMILY = "1,2";
				TEST_HOST = "$(BUILT_PRODUCTS_DIR)/FitnessApp-Neo.app/$(BUNDLE_EXECUTABLE_FOLDER_PATH)/FitnessApp-Neo";
			};
			name = Release;
		};
		243893B12CB7A271009750A2 /* Debug */ = {
			isa = XCBuildConfiguration;
			buildSettings = {
				CODE_SIGN_STYLE = Automatic;
				CURRENT_PROJECT_VERSION = 1;
				GENERATE_INFOPLIST_FILE = YES;
				MARKETING_VERSION = 1.0;
				PRODUCT_BUNDLE_IDENTIFIER = "io..FitnessApp-NeoUITests";
				PRODUCT_NAME = "$(TARGET_NAME)";
				SWIFT_EMIT_LOC_STRINGS = NO;
				SWIFT_VERSION = 5.0;
				TARGETED_DEVICE_FAMILY = "1,2";
				TEST_TARGET_NAME = "FitnessApp-Neo";
			};
			name = Debug;
		};
		243893B22CB7A271009750A2 /* Release */ = {
			isa = XCBuildConfiguration;
			buildSettings = {
				CODE_SIGN_STYLE = Automatic;
				CURRENT_PROJECT_VERSION = 1;
				GENERATE_INFOPLIST_FILE = YES;
				MARKETING_VERSION = 1.0;
				PRODUCT_BUNDLE_IDENTIFIER = "io..FitnessApp-NeoUITests";
				PRODUCT_NAME = "$(TARGET_NAME)";
				SWIFT_EMIT_LOC_STRINGS = NO;
				SWIFT_VERSION = 5.0;
				TARGETED_DEVICE_FAMILY = "1,2";
				TEST_TARGET_NAME = "FitnessApp-Neo";
			};
			name = Release;
		};
/* End XCBuildConfiguration section */

/* Begin XCConfigurationList section */
		243893812CB7A26F009750A2 /* Build configuration list for PBXProject "FitnessApp-Neo" */ = {
			isa = XCConfigurationList;
			buildConfigurations = (
				243893A82CB7A271009750A2 /* Debug */,
				243893A92CB7A271009750A2 /* Release */,
			);
			defaultConfigurationIsVisible = 0;
			defaultConfigurationName = Release;
		};
		243893AA2CB7A271009750A2 /* Build configuration list for PBXNativeTarget "FitnessApp-Neo" */ = {
			isa = XCConfigurationList;
			buildConfigurations = (
				243893AB2CB7A271009750A2 /* Debug */,
				243893AC2CB7A271009750A2 /* Release */,
			);
			defaultConfigurationIsVisible = 0;
			defaultConfigurationName = Release;
		};
		243893AD2CB7A271009750A2 /* Build configuration list for PBXNativeTarget "FitnessApp-NeoTests" */ = {
			isa = XCConfigurationList;
			buildConfigurations = (
				243893AE2CB7A271009750A2 /* Debug */,
				243893AF2CB7A271009750A2 /* Release */,
			);
			defaultConfigurationIsVisible = 0;
			defaultConfigurationName = Release;
		};
		243893B02CB7A271009750A2 /* Build configuration list for PBXNativeTarget "FitnessApp-NeoUITests" */ = {
			isa = XCConfigurationList;
			buildConfigurations = (
				243893B12CB7A271009750A2 /* Debug */,
				243893B22CB7A271009750A2 /* Release */,
			);
			defaultConfigurationIsVisible = 0;
			defaultConfigurationName = Release;
		};
/* End XCConfigurationList section */
	};
	rootObject = 2438937E2CB7A26F009750A2 /* Project object */;
}
